
Microsoft Visual Studio Solution File, Format Version 12.00
# Visual Studio Version 17
VisualStudioVersion = 17.8.34309.116
MinimumVisualStudioVersion = 10.0.40219.1
Project("{9A19103F-16F7-4668-BE54-9A1E7A4F7556}") = "Kagamine.Extensions", "Kagamine.Extensions\Kagamine.Extensions.csproj", "{EEA03EB9-BF93-453B-AE25-AA23147CDCEB}"
EndProject
Project("{9A19103F-16F7-4668-BE54-9A1E7A4F7556}") = "Kagamine.Extensions.Generator", "Kagamine.Extensions.Generator\Kagamine.Extensions.Generator.csproj", "{2CAD1D65-DD08-4274-ADCD-450D5EAA568B}"
EndProject
Project("{2150E333-8FDC-42A3-9474-1A3956D46DE8}") = "Samples", "Samples", "{835E32B0-BCA9-43A4-9A07-25FDBE85E3F1}"
EndProject
Project("{9A19103F-16F7-4668-BE54-9A1E7A4F7556}") = "ConsoleApp", "Samples\ConsoleApp\ConsoleApp.csproj", "{21A6CE36-3EA9-4AEF-B2C4-0EFD5487ECEE}"
EndProject
Project("{9A19103F-16F7-4668-BE54-9A1E7A4F7556}") = "Kagamine.Extensions.EntityFramework", "Kagamine.Extensions.EntityFramework\Kagamine.Extensions.EntityFramework.csproj", "{A265987A-1CCD-4442-8B27-1F8990CAF070}"
EndProject
Project("{FAE04EC0-301F-11D3-BF4B-00C04F79EFBC}") = "Kagamine.Extensions.Tests", "Kagamine.Extensions.Tests\Kagamine.Extensions.Tests.csproj", "{91E6FDAE-3B92-4285-894B-F6B23523BA8C}"
EndProject
Project("{2150E333-8FDC-42A3-9474-1A3956D46DE8}") = "Solution Items", "Solution Items", "{1BBB5047-4C43-478D-9CF9-07B6965FBF17}"
	ProjectSection(SolutionItems) = preProject
		.editorconfig = .editorconfig
		Directory.Build.props = Directory.Build.props
	EndProjectSection
EndProject
Global
	GlobalSection(SolutionConfigurationPlatforms) = preSolution
		Debug|Any CPU = Debug|Any CPU
		Release|Any CPU = Release|Any CPU
	EndGlobalSection
	GlobalSection(ProjectConfigurationPlatforms) = postSolution
		{EEA03EB9-BF93-453B-AE25-AA23147CDCEB}.Debug|Any CPU.ActiveCfg = Debug|Any CPU
		{EEA03EB9-BF93-453B-AE25-AA23147CDCEB}.Debug|Any CPU.Build.0 = Debug|Any CPU
		{EEA03EB9-BF93-453B-AE25-AA23147CDCEB}.Release|Any CPU.ActiveCfg = Release|Any CPU
		{EEA03EB9-BF93-453B-AE25-AA23147CDCEB}.Release|Any CPU.Build.0 = Release|Any CPU
		{2CAD1D65-DD08-4274-ADCD-450D5EAA568B}.Debug|Any CPU.ActiveCfg = Debug|Any CPU
		{2CAD1D65-DD08-4274-ADCD-450D5EAA568B}.Debug|Any CPU.Build.0 = Debug|Any CPU
		{2CAD1D65-DD08-4274-ADCD-450D5EAA568B}.Release|Any CPU.ActiveCfg = Release|Any CPU
		{2CAD1D65-DD08-4274-ADCD-450D5EAA568B}.Release|Any CPU.Build.0 = Release|Any CPU
		{21A6CE36-3EA9-4AEF-B2C4-0EFD5487ECEE}.Debug|Any CPU.ActiveCfg = Debug|Any CPU
		{21A6CE36-3EA9-4AEF-B2C4-0EFD5487ECEE}.Debug|Any CPU.Build.0 = Debug|Any CPU
		{21A6CE36-3EA9-4AEF-B2C4-0EFD5487ECEE}.Release|Any CPU.ActiveCfg = Release|Any CPU
		{21A6CE36-3EA9-4AEF-B2C4-0EFD5487ECEE}.Release|Any CPU.Build.0 = Release|Any CPU
		{A265987A-1CCD-4442-8B27-1F8990CAF070}.Debug|Any CPU.ActiveCfg = Debug|Any CPU
		{A265987A-1CCD-4442-8B27-1F8990CAF070}.Debug|Any CPU.Build.0 = Debug|Any CPU
		{A265987A-1CCD-4442-8B27-1F8990CAF070}.Release|Any CPU.ActiveCfg = Release|Any CPU
		{A265987A-1CCD-4442-8B27-1F8990CAF070}.Release|Any CPU.Build.0 = Release|Any CPU
		{91E6FDAE-3B92-4285-894B-F6B23523BA8C}.Debug|Any CPU.ActiveCfg = Debug|Any CPU
		{91E6FDAE-3B92-4285-894B-F6B23523BA8C}.Debug|Any CPU.Build.0 = Debug|Any CPU
		{91E6FDAE-3B92-4285-894B-F6B23523BA8C}.Release|Any CPU.ActiveCfg = Release|Any CPU
		{91E6FDAE-3B92-4285-894B-F6B23523BA8C}.Release|Any CPU.Build.0 = Release|Any CPU
	EndGlobalSection
	GlobalSection(SolutionProperties) = preSolution
		HideSolutionNode = FALSE
	EndGlobalSection
	GlobalSection(NestedProjects) = preSolution
		{21A6CE36-3EA9-4AEF-B2C4-0EFD5487ECEE} = {835E32B0-BCA9-43A4-9A07-25FDBE85E3F1}
	EndGlobalSection
	GlobalSection(ExtensibilityGlobals) = postSolution
		SolutionGuid = {A8C2208A-C5C7-47F9-B477-72F2ECF3FA6D}
	EndGlobalSection
EndGlobal
